
Microsoft Visual Studio Solution File, Format Version 12.00
# Visual Studio Version 17
VisualStudioVersion = 17.0.32112.339
MinimumVisualStudioVersion = 10.0.40219.1
Project("{FAE04EC0-301F-11D3-BF4B-00C04F79EFBC}") = "Metroid Shop", "Shop\Metroid Shop.csproj", "{17DA3A30-2A23-4266-B947-A862FDEB4951}"
EndProject
Global
	GlobalSection(SolutionConfigurationPlatforms) = preSolution
		Debug|Any CPU = Debug|Any CPU
		Release|Any CPU = Release|Any CPU
	EndGlobalSection
	GlobalSection(ProjectConfigurationPlatforms) = postSolution
		{17DA3A30-2A23-4266-B947-A862FDEB4951}.Debug|Any CPU.ActiveCfg = Debug|Any CPU
		{17DA3A30-2A23-4266-B947-A862FDEB4951}.Debug|Any CPU.Build.0 = Debug|Any CPU
		{17DA3A30-2A23-4266-B947-A862FDEB4951}.Release|Any CPU.ActiveCfg = Release|Any CPU
		{17DA3A30-2A23-4266-B947-A862FDEB4951}.Release|Any CPU.Build.0 = Release|Any CPU
	EndGlobalSection
	GlobalSection(SolutionProperties) = preSolution
		HideSolutionNode = FALSE
	EndGlobalSection
	GlobalSection(ExtensibilityGlobals) = postSolution
		SolutionGuid = {81A40FD3-6536-4BC9-8C1C-5D64B7936EBD}
	EndGlobalSection
EndGlobal
